
Microsoft Visual Studio Solution File, Format Version 12.00
# Visual Studio Version 17
VisualStudioVersion = 17.1.32328.378
MinimumVisualStudioVersion = 10.0.40219.1
Project("{FAE04EC0-301F-11D3-BF4B-00C04F79EFBC}") = "VetClinicMS", "VetClinicMS.csproj", "{6542AEE4-9C3F-4C51-B717-92A8DB2BA963}"
EndProject
Global
	GlobalSection(SolutionConfigurationPlatforms) = preSolution
		Debug|Any CPU = Debug|Any CPU
		Release|Any CPU = Release|Any CPU
	EndGlobalSection
	GlobalSection(ProjectConfigurationPlatforms) = postSolution
		{6542AEE4-9C3F-4C51-B717-92A8DB2BA963}.Debug|Any CPU.ActiveCfg = Debug|Any CPU
		{6542AEE4-9C3F-4C51-B717-92A8DB2BA963}.Debug|Any CPU.Build.0 = Debug|Any CPU
		{6542AEE4-9C3F-4C51-B717-92A8DB2BA963}.Release|Any CPU.ActiveCfg = Release|Any CPU
		{6542AEE4-9C3F-4C51-B717-92A8DB2BA963}.Release|Any CPU.Build.0 = Release|Any CPU
	EndGlobalSection
	GlobalSection(SolutionProperties) = preSolution
		HideSolutionNode = FALSE
	EndGlobalSection
	GlobalSection(ExtensibilityGlobals) = postSolution
		SolutionGuid = {0CF6CFAD-ED40-4C7D-BA1E-168B8A2A6660}
	EndGlobalSection
EndGlobal
